// !$*UTF8*$!
{
	archiveVersion = 1;
	classes = {
	};
	objectVersion = 46;
	objects = {

/* Begin PBXBuildFile section */
		133C99E1E1A6C527609C1E6E /* AppIntents.framework in Frameworks */ = {isa = PBXBuildFile; fileRef = A9263A571DE5E0CFB1401AAD /* AppIntents.framework */; };
		2387DF034939AB2F829BC4B6 /* QuickNotesWindowController.swift in Sources */ = {isa = PBXBuildFile; fileRef = 51E10A8DE1D9F9D224AD2B7F /* QuickNotesWindowController.swift */; };
		281CA6BA01C8DA58567AFC09 /* Cocoa.framework in Frameworks */ = {isa = PBXBuildFile; fileRef = 2A583E935F0CF5BDCB394850 /* Cocoa.framework */; };
		2F8901469EB742106F29E689 /* WindowManagementService.swift in Sources */ = {isa = PBXBuildFile; fileRef = A0722147856B63155E4CB271 /* WindowManagementService.swift */; };
		3208128EE6185D8C249DA4C1 /* CoreData.framework in Frameworks */ = {isa = PBXBuildFile; fileRef = AECBC7EC7CB5FEA9C474B249 /* CoreData.framework */; };
		34A8B5DCF32D4432C76A484F /* AppKit.framework in Frameworks */ = {isa = PBXBuildFile; fileRef = D7864BFBC0E16776C6343FF5 /* AppKit.framework */; };
		34DA281BF4E3247B829A853B /* EmojiAnnotationIndex.swift in Sources */ = {isa = PBXBuildFile; fileRef = D2DD8797D951F92C832BB03C /* EmojiAnnotationIndex.swift */; };
		3A124C24FC7F82685749F47A /* SwiftUI.framework in Frameworks */ = {isa = PBXBuildFile; fileRef = 6CB1C9CCDFD94F31B0B15B00 /* SwiftUI.framework */; };
		43A6B7937516D0FE00C74ACC /* PersistenceController.swift in Sources */ = {isa = PBXBuildFile; fileRef = 9594C5D1ADACFFD9CD91CB08 /* PersistenceController.swift */; };
		4B8111F22B185BF856508339 /* LauncherTests.swift in Sources */ = {isa = PBXBuildFile; fileRef = 93C51BFEADEE65F0B45E9FE2 /* LauncherTests.swift */; };
		4C98B6793738B7E49F8E1C9C /* LauncherModels.swift in Sources */ = {isa = PBXBuildFile; fileRef = DD07B5FC550C27AA508745B3 /* LauncherModels.swift */; };
		50791C467645CE9A3D487D09 /* GlobalShortcutMonitor.swift in Sources */ = {isa = PBXBuildFile; fileRef = 65A846C2EEBEDAE64EE1FB33 /* GlobalShortcutMonitor.swift */; };
		7D8CD7C9BCFB2A75ED021AE2 /* Collection+Uniqued.swift in Sources */ = {isa = PBXBuildFile; fileRef = 512C29D4B9F64B9095813166 /* Collection+Uniqued.swift */; };
		83E76D7340D07E51229E0778 /* QuickNotesView.swift in Sources */ = {isa = PBXBuildFile; fileRef = 33028D1BA4E3064B44B28E1C /* QuickNotesView.swift */; };
		853E9DFCCC7CCC396E891B74 /* AppSearchService.swift in Sources */ = {isa = PBXBuildFile; fileRef = D1F52D18BFD713ACA71AC5AC /* AppSearchService.swift */; };
		8A8C3B2F2B7C6E98FA303D4F /* Assets.xcassets in Resources */ = {isa = PBXBuildFile; fileRef = 7DC6CB8BF84B0249D9D59796 /* Assets.xcassets */; };
		8B1DD11D5726C2A86B86D984 /* StatusBarController.swift in Sources */ = {isa = PBXBuildFile; fileRef = AB1D6AF3E70C8512A465E807 /* StatusBarController.swift */; };
		9176B53C5E2F0FD2906BE6D4 /* ShortcutSearchService.swift in Sources */ = {isa = PBXBuildFile; fileRef = DE8B34E7D3E17FFE7B0157BB /* ShortcutSearchService.swift */; };
		92BAB8F51A81C61923E67147 /* FileSearchService.swift in Sources */ = {isa = PBXBuildFile; fileRef = 6E41012BBF6E422ACC94EE80 /* FileSearchService.swift */; };
		96A327FB3C58037CE82C0834 /* EmojiSearchService.swift in Sources */ = {isa = PBXBuildFile; fileRef = 058E357FEB9267CAEC974649 /* EmojiSearchService.swift */; };
		99BC6E6DA34A184B40183D8F /* LauncherPanelController.swift in Sources */ = {isa = PBXBuildFile; fileRef = D2431B74BD66907865F8899F /* LauncherPanelController.swift */; };
		9A17B5D506C07126A48C019F /* AppDelegate.swift in Sources */ = {isa = PBXBuildFile; fileRef = AE0EDB5DCE63058B7B15B16E /* AppDelegate.swift */; };
		A74B3610BCBF5D78560104DD /* LauncherIntentBridge.swift in Sources */ = {isa = PBXBuildFile; fileRef = 9944B57A6D309DF48BD17AF2 /* LauncherIntentBridge.swift */; };
		B84CE29DC07F91E725D6578E /* LauncherView.swift in Sources */ = {isa = PBXBuildFile; fileRef = 2F435C221A74CF87C25224AD /* LauncherView.swift */; };
		B8680AB92F5B76388B91C59C /* AvatarWindowController.swift in Sources */ = {isa = PBXBuildFile; fileRef = 495B103B2CAEEECACC1ADF2A /* AvatarWindowController.swift */; };
		C9AA59079ECAC4712B309182 /* QuickNote.swift in Sources */ = {isa = PBXBuildFile; fileRef = 24B4A74ADBD37D29CD2F810F /* QuickNote.swift */; };
		CDCF7BECC5E44145433046EA /* Cocoa.framework in Frameworks */ = {isa = PBXBuildFile; fileRef = 2A583E935F0CF5BDCB394850 /* Cocoa.framework */; };
		CF662B37CF32DB4B73BFE372 /* Carbon.framework in Frameworks */ = {isa = PBXBuildFile; fileRef = F4BB1B6DF0862B4013D69C02 /* Carbon.framework */; };
		D2D6468BB661E261D5BB736B /* EmojiKit in Frameworks */ = {isa = PBXBuildFile; productRef = 935D84EE53BC46AEE5610174 /* EmojiKit */; };
		EA3E4F1C5D4FF6A62E986E8A /* LauncherAppState.swift in Sources */ = {isa = PBXBuildFile; fileRef = CE2D736CC3A08A058E3AE56C /* LauncherAppState.swift */; };
		F79CFA6FF823F71719F96202 /* LauncherApp.swift in Sources */ = {isa = PBXBuildFile; fileRef = 22EAF7E9011B2B0A51481C97 /* LauncherApp.swift */; };
		F7DBD6B7C261FC41CA09031A /* AvatarView.swift in Sources */ = {isa = PBXBuildFile; fileRef = C5D3A88F265387239BCE4193 /* AvatarView.swift */; };
/* End PBXBuildFile section */

/* Begin PBXContainerItemProxy section */
		FDCE9F7354D083FAE6EAE8C3 /* PBXContainerItemProxy */ = {
			isa = PBXContainerItemProxy;
			containerPortal = FBB8CBE619BBA268BB04A835 /* Project object */;
			proxyType = 1;
			remoteGlobalIDString = AB480C0E88759C7F4D362ABC;
			remoteInfo = Launcher;
		};
/* End PBXContainerItemProxy section */

/* Begin PBXFileReference section */
		058E357FEB9267CAEC974649 /* EmojiSearchService.swift */ = {isa = PBXFileReference; includeInIndex = 1; lastKnownFileType = sourcecode.swift; path = EmojiSearchService.swift; sourceTree = "<group>"; };
		22EAF7E9011B2B0A51481C97 /* LauncherApp.swift */ = {isa = PBXFileReference; includeInIndex = 1; lastKnownFileType = sourcecode.swift; path = LauncherApp.swift; sourceTree = "<group>"; };
		24B4A74ADBD37D29CD2F810F /* QuickNote.swift */ = {isa = PBXFileReference; includeInIndex = 1; lastKnownFileType = sourcecode.swift; path = QuickNote.swift; sourceTree = "<group>"; };
		2A583E935F0CF5BDCB394850 /* Cocoa.framework */ = {isa = PBXFileReference; lastKnownFileType = wrapper.framework; name = Cocoa.framework; path = Platforms/MacOSX.platform/Developer/SDKs/MacOSX15.0.sdk/System/Library/Frameworks/Cocoa.framework; sourceTree = DEVELOPER_DIR; };
		2F435C221A74CF87C25224AD /* LauncherView.swift */ = {isa = PBXFileReference; includeInIndex = 1; lastKnownFileType = sourcecode.swift; path = LauncherView.swift; sourceTree = "<group>"; };
		33028D1BA4E3064B44B28E1C /* QuickNotesView.swift */ = {isa = PBXFileReference; includeInIndex = 1; lastKnownFileType = sourcecode.swift; path = QuickNotesView.swift; sourceTree = "<group>"; };
		43B0506E5977715D5C3BD370 /* Launcher.app */ = {isa = PBXFileReference; explicitFileType = wrapper.application; includeInIndex = 0; path = Launcher.app; sourceTree = BUILT_PRODUCTS_DIR; };
		495B103B2CAEEECACC1ADF2A /* AvatarWindowController.swift */ = {isa = PBXFileReference; includeInIndex = 1; lastKnownFileType = sourcecode.swift; path = AvatarWindowController.swift; sourceTree = "<group>"; };
		512C29D4B9F64B9095813166 /* Collection+Uniqued.swift */ = {isa = PBXFileReference; includeInIndex = 1; lastKnownFileType = sourcecode.swift; path = "Collection+Uniqued.swift"; sourceTree = "<group>"; };
		51E10A8DE1D9F9D224AD2B7F /* QuickNotesWindowController.swift */ = {isa = PBXFileReference; includeInIndex = 1; lastKnownFileType = sourcecode.swift; path = QuickNotesWindowController.swift; sourceTree = "<group>"; };
		65A846C2EEBEDAE64EE1FB33 /* GlobalShortcutMonitor.swift */ = {isa = PBXFileReference; includeInIndex = 1; lastKnownFileType = sourcecode.swift; path = GlobalShortcutMonitor.swift; sourceTree = "<group>"; };
		6CB1C9CCDFD94F31B0B15B00 /* SwiftUI.framework */ = {isa = PBXFileReference; lastKnownFileType = wrapper.framework; name = SwiftUI.framework; path = System/Library/Frameworks/SwiftUI.framework; sourceTree = "<group>"; };
		6E41012BBF6E422ACC94EE80 /* FileSearchService.swift */ = {isa = PBXFileReference; includeInIndex = 1; lastKnownFileType = sourcecode.swift; path = FileSearchService.swift; sourceTree = "<group>"; };
		7DC6CB8BF84B0249D9D59796 /* Assets.xcassets */ = {isa = PBXFileReference; includeInIndex = 1; lastKnownFileType = folder.assetcatalog; path = Assets.xcassets; sourceTree = "<group>"; };
		8CD2AE210C08FA29695945E8 /* macOS-Info.plist */ = {isa = PBXFileReference; includeInIndex = 1; lastKnownFileType = text.plist.xml; path = "macOS-Info.plist"; sourceTree = "<group>"; };
		93C51BFEADEE65F0B45E9FE2 /* LauncherTests.swift */ = {isa = PBXFileReference; includeInIndex = 1; lastKnownFileType = sourcecode.swift; path = LauncherTests.swift; sourceTree = "<group>"; };
		9594C5D1ADACFFD9CD91CB08 /* PersistenceController.swift */ = {isa = PBXFileReference; includeInIndex = 1; lastKnownFileType = sourcecode.swift; path = PersistenceController.swift; sourceTree = "<group>"; };
		9944B57A6D309DF48BD17AF2 /* LauncherIntentBridge.swift */ = {isa = PBXFileReference; includeInIndex = 1; lastKnownFileType = sourcecode.swift; path = LauncherIntentBridge.swift; sourceTree = "<group>"; };
		A0722147856B63155E4CB271 /* WindowManagementService.swift */ = {isa = PBXFileReference; includeInIndex = 1; lastKnownFileType = sourcecode.swift; path = WindowManagementService.swift; sourceTree = "<group>"; };
		A9263A571DE5E0CFB1401AAD /* AppIntents.framework */ = {isa = PBXFileReference; lastKnownFileType = wrapper.framework; name = AppIntents.framework; path = System/Library/Frameworks/AppIntents.framework; sourceTree = "<group>"; };
		AB1D6AF3E70C8512A465E807 /* StatusBarController.swift */ = {isa = PBXFileReference; includeInIndex = 1; lastKnownFileType = sourcecode.swift; path = StatusBarController.swift; sourceTree = "<group>"; };
		AE0EDB5DCE63058B7B15B16E /* AppDelegate.swift */ = {isa = PBXFileReference; includeInIndex = 1; lastKnownFileType = sourcecode.swift; path = AppDelegate.swift; sourceTree = "<group>"; };
		AECBC7EC7CB5FEA9C474B249 /* CoreData.framework */ = {isa = PBXFileReference; lastKnownFileType = wrapper.framework; name = CoreData.framework; path = System/Library/Frameworks/CoreData.framework; sourceTree = "<group>"; };
		AF90E7AB49F39D3DC9E4E94C /* LauncherTests.xctest */ = {isa = PBXFileReference; explicitFileType = wrapper.cfbundle; includeInIndex = 0; path = LauncherTests.xctest; sourceTree = BUILT_PRODUCTS_DIR; };
		C5D3A88F265387239BCE4193 /* AvatarView.swift */ = {isa = PBXFileReference; includeInIndex = 1; lastKnownFileType = sourcecode.swift; path = AvatarView.swift; sourceTree = "<group>"; };
		CE2D736CC3A08A058E3AE56C /* LauncherAppState.swift */ = {isa = PBXFileReference; includeInIndex = 1; lastKnownFileType = sourcecode.swift; path = LauncherAppState.swift; sourceTree = "<group>"; };
		D1F52D18BFD713ACA71AC5AC /* AppSearchService.swift */ = {isa = PBXFileReference; includeInIndex = 1; lastKnownFileType = sourcecode.swift; path = AppSearchService.swift; sourceTree = "<group>"; };
		D2431B74BD66907865F8899F /* LauncherPanelController.swift */ = {isa = PBXFileReference; includeInIndex = 1; lastKnownFileType = sourcecode.swift; path = LauncherPanelController.swift; sourceTree = "<group>"; };
		D2DD8797D951F92C832BB03C /* EmojiAnnotationIndex.swift */ = {isa = PBXFileReference; includeInIndex = 1; lastKnownFileType = sourcecode.swift; path = EmojiAnnotationIndex.swift; sourceTree = "<group>"; };
		D7864BFBC0E16776C6343FF5 /* AppKit.framework */ = {isa = PBXFileReference; lastKnownFileType = wrapper.framework; name = AppKit.framework; path = System/Library/Frameworks/AppKit.framework; sourceTree = "<group>"; };
		DD07B5FC550C27AA508745B3 /* LauncherModels.swift */ = {isa = PBXFileReference; includeInIndex = 1; lastKnownFileType = sourcecode.swift; path = LauncherModels.swift; sourceTree = "<group>"; };
		DE8B34E7D3E17FFE7B0157BB /* ShortcutSearchService.swift */ = {isa = PBXFileReference; includeInIndex = 1; lastKnownFileType = sourcecode.swift; path = ShortcutSearchService.swift; sourceTree = "<group>"; };
		F4BB1B6DF0862B4013D69C02 /* Carbon.framework */ = {isa = PBXFileReference; lastKnownFileType = wrapper.framework; name = Carbon.framework; path = System/Library/Frameworks/Carbon.framework; sourceTree = "<group>"; };
/* End PBXFileReference section */

/* Begin PBXFrameworksBuildPhase section */
		314D035A22426DCF23CD7459 /* Frameworks */ = {
			isa = PBXFrameworksBuildPhase;
			buildActionMask = 2147483647;
			files = (
				281CA6BA01C8DA58567AFC09 /* Cocoa.framework in Frameworks */,
			);
			runOnlyForDeploymentPostprocessing = 0;
		};
		DA6686BE88DB0F52F20434E2 /* Frameworks */ = {
			isa = PBXFrameworksBuildPhase;
			buildActionMask = 2147483647;
			files = (
				CDCF7BECC5E44145433046EA /* Cocoa.framework in Frameworks */,
				133C99E1E1A6C527609C1E6E /* AppIntents.framework in Frameworks */,
				34A8B5DCF32D4432C76A484F /* AppKit.framework in Frameworks */,
				CF662B37CF32DB4B73BFE372 /* Carbon.framework in Frameworks */,
				3208128EE6185D8C249DA4C1 /* CoreData.framework in Frameworks */,
				3A124C24FC7F82685749F47A /* SwiftUI.framework in Frameworks */,
				D2D6468BB661E261D5BB736B /* EmojiKit in Frameworks */,
			);
			runOnlyForDeploymentPostprocessing = 0;
		};
/* End PBXFrameworksBuildPhase section */

/* Begin PBXGroup section */
		072327D4EC05103934D5E6CD /* Services */ = {
			isa = PBXGroup;
			children = (
				D1F52D18BFD713ACA71AC5AC /* AppSearchService.swift */,
				512C29D4B9F64B9095813166 /* Collection+Uniqued.swift */,
				D2DD8797D951F92C832BB03C /* EmojiAnnotationIndex.swift */,
				058E357FEB9267CAEC974649 /* EmojiSearchService.swift */,
				6E41012BBF6E422ACC94EE80 /* FileSearchService.swift */,
				65A846C2EEBEDAE64EE1FB33 /* GlobalShortcutMonitor.swift */,
				CE2D736CC3A08A058E3AE56C /* LauncherAppState.swift */,
				9594C5D1ADACFFD9CD91CB08 /* PersistenceController.swift */,
				DE8B34E7D3E17FFE7B0157BB /* ShortcutSearchService.swift */,
				A0722147856B63155E4CB271 /* WindowManagementService.swift */,
			);
			name = Services;
			path = Services;
			sourceTree = "<group>";
		};
		4AC73D43900BC9018F9FDABA /* Shared */ = {
			isa = PBXGroup;
			children = (
				91CDDE74687CA2CB98F2D6BD /* Models */,
				072327D4EC05103934D5E6CD /* Services */,
				BC2F2DE2B3A6867536CF5B0A /* Views */,
			);
			name = Shared;
			path = Shared;
			sourceTree = "<group>";
		};
		4D44635F710458A6623D4950 /* OS X */ = {
			isa = PBXGroup;
			children = (
				2A583E935F0CF5BDCB394850 /* Cocoa.framework */,
			);
			name = "OS X";
			sourceTree = "<group>";
		};
		6E79E7958024FE1751037F7A = {
			isa = PBXGroup;
			children = (
				B3CE1863B61FD1307C9D64CD /* Products */,
				A21A20C97BD2048254FC55B1 /* Frameworks */,
				BBD14DE78CB94D202192585D /* MacApp */,
				4AC73D43900BC9018F9FDABA /* Shared */,
				76C7A68991FBFB2EF0273B4F /* Tests */,
			);
			sourceTree = "<group>";
		};
		76C7A68991FBFB2EF0273B4F /* Tests */ = {
			isa = PBXGroup;
			children = (
				93C51BFEADEE65F0B45E9FE2 /* LauncherTests.swift */,
			);
			name = Tests;
			path = Tests;
			sourceTree = "<group>";
		};
		91CDDE74687CA2CB98F2D6BD /* Models */ = {
			isa = PBXGroup;
			children = (
				DD07B5FC550C27AA508745B3 /* LauncherModels.swift */,
				24B4A74ADBD37D29CD2F810F /* QuickNote.swift */,
			);
			name = Models;
			path = Models;
			sourceTree = "<group>";
		};
		A21A20C97BD2048254FC55B1 /* Frameworks */ = {
			isa = PBXGroup;
			children = (
				4D44635F710458A6623D4950 /* OS X */,
				A9263A571DE5E0CFB1401AAD /* AppIntents.framework */,
				D7864BFBC0E16776C6343FF5 /* AppKit.framework */,
				F4BB1B6DF0862B4013D69C02 /* Carbon.framework */,
				AECBC7EC7CB5FEA9C474B249 /* CoreData.framework */,
				6CB1C9CCDFD94F31B0B15B00 /* SwiftUI.framework */,
			);
			name = Frameworks;
			sourceTree = "<group>";
		};
		B3CE1863B61FD1307C9D64CD /* Products */ = {
			isa = PBXGroup;
			children = (
				43B0506E5977715D5C3BD370 /* Launcher.app */,
				AF90E7AB49F39D3DC9E4E94C /* LauncherTests.xctest */,
			);
			name = Products;
			sourceTree = "<group>";
		};
		BBD14DE78CB94D202192585D /* MacApp */ = {
			isa = PBXGroup;
			children = (
				AE0EDB5DCE63058B7B15B16E /* AppDelegate.swift */,
				495B103B2CAEEECACC1ADF2A /* AvatarWindowController.swift */,
				22EAF7E9011B2B0A51481C97 /* LauncherApp.swift */,
				9944B57A6D309DF48BD17AF2 /* LauncherIntentBridge.swift */,
				D2431B74BD66907865F8899F /* LauncherPanelController.swift */,
				51E10A8DE1D9F9D224AD2B7F /* QuickNotesWindowController.swift */,
				AB1D6AF3E70C8512A465E807 /* StatusBarController.swift */,
				7DC6CB8BF84B0249D9D59796 /* Assets.xcassets */,
				8CD2AE210C08FA29695945E8 /* macOS-Info.plist */,
			);
			name = MacApp;
			path = MacApp;
			sourceTree = "<group>";
		};
		BC2F2DE2B3A6867536CF5B0A /* Views */ = {
			isa = PBXGroup;
			children = (
				C5D3A88F265387239BCE4193 /* AvatarView.swift */,
				2F435C221A74CF87C25224AD /* LauncherView.swift */,
				33028D1BA4E3064B44B28E1C /* QuickNotesView.swift */,
			);
			name = Views;
			path = Views;
			sourceTree = "<group>";
		};
/* End PBXGroup section */

/* Begin PBXNativeTarget section */
		AB480C0E88759C7F4D362ABC /* Launcher */ = {
			isa = PBXNativeTarget;
			buildConfigurationList = 7DAB474552E40998AD58BCC3 /* Build configuration list for PBXNativeTarget "Launcher" */;
			buildPhases = (
				4A03DF582AB1A9FE24CC3C0F /* Sources */,
				DA6686BE88DB0F52F20434E2 /* Frameworks */,
				C223486E887A2D5CBD7FD3F5 /* Resources */,
			);
			buildRules = (
			);
			dependencies = (
			);
			name = Launcher;
			packageProductDependencies = (
				935D84EE53BC46AEE5610174 /* EmojiKit */,
			);
			productName = Launcher;
			productReference = 43B0506E5977715D5C3BD370 /* Launcher.app */;
			productType = "com.apple.product-type.application";
		};
		E97EE806AA73219F1488883A /* LauncherTests */ = {
			isa = PBXNativeTarget;
			buildConfigurationList = FDE652025CEDC1B7C2FCA017 /* Build configuration list for PBXNativeTarget "LauncherTests" */;
			buildPhases = (
				3F40550FF0F2D67F99C55D8F /* Sources */,
				314D035A22426DCF23CD7459 /* Frameworks */,
				8FC3410D8BC7F0D5E597FC7F /* Resources */,
			);
			buildRules = (
			);
			dependencies = (
				12227101A949F7603B9C5E28 /* PBXTargetDependency */,
			);
			name = LauncherTests;
			productName = LauncherTests;
			productReference = AF90E7AB49F39D3DC9E4E94C /* LauncherTests.xctest */;
			productType = "com.apple.product-type.bundle.unit-test";
		};
/* End PBXNativeTarget section */

/* Begin PBXProject section */
		FBB8CBE619BBA268BB04A835 /* Project object */ = {
			isa = PBXProject;
			attributes = {
				LastSwiftUpdateCheck = 2640;
				LastUpgradeCheck = 2640;
				TargetAttributes = {
					AB480C0E88759C7F4D362ABC = {
						CreatedOnToolsVersion = 26.4;
					};
					E97EE806AA73219F1488883A = {
						CreatedOnToolsVersion = 26.4;
						TestTargetID = AB480C0E88759C7F4D362ABC;
					};
				};
			};
			buildConfigurationList = E0830FA1D37F336526616158 /* Build configuration list for PBXProject "Launcher" */;
			compatibilityVersion = "Xcode 3.2";
			developmentRegion = en;
			hasScannedForEncodings = 0;
			knownRegions = (
				en,
				Base,
			);
			mainGroup = 6E79E7958024FE1751037F7A;
			minimizedProjectReferenceProxies = 0;
			packageReferences = (
				E08A7A0830E668283FB21D08 /* XCRemoteSwiftPackageReference "EmojiKit" */,
			);
			preferredProjectObjectVersion = 77;
			productRefGroup = B3CE1863B61FD1307C9D64CD /* Products */;
			projectDirPath = "";
			projectRoot = "";
			targets = (
				AB480C0E88759C7F4D362ABC /* Launcher */,
				E97EE806AA73219F1488883A /* LauncherTests */,
			);
		};
/* End PBXProject section */

/* Begin PBXResourcesBuildPhase section */
		8FC3410D8BC7F0D5E597FC7F /* Resources */ = {
			isa = PBXResourcesBuildPhase;
			buildActionMask = 2147483647;
			files = (
			);
			runOnlyForDeploymentPostprocessing = 0;
		};
		C223486E887A2D5CBD7FD3F5 /* Resources */ = {
			isa = PBXResourcesBuildPhase;
			buildActionMask = 2147483647;
			files = (
				8A8C3B2F2B7C6E98FA303D4F /* Assets.xcassets in Resources */,
			);
			runOnlyForDeploymentPostprocessing = 0;
		};
/* End PBXResourcesBuildPhase section */

/* Begin PBXSourcesBuildPhase section */
		3F40550FF0F2D67F99C55D8F /* Sources */ = {
			isa = PBXSourcesBuildPhase;
			buildActionMask = 2147483647;
			files = (
				4B8111F22B185BF856508339 /* LauncherTests.swift in Sources */,
			);
			runOnlyForDeploymentPostprocessing = 0;
		};
		4A03DF582AB1A9FE24CC3C0F /* Sources */ = {
			isa = PBXSourcesBuildPhase;
			buildActionMask = 2147483647;
			files = (
				9A17B5D506C07126A48C019F /* AppDelegate.swift in Sources */,
				B8680AB92F5B76388B91C59C /* AvatarWindowController.swift in Sources */,
				F79CFA6FF823F71719F96202 /* LauncherApp.swift in Sources */,
				A74B3610BCBF5D78560104DD /* LauncherIntentBridge.swift in Sources */,
				99BC6E6DA34A184B40183D8F /* LauncherPanelController.swift in Sources */,
				2387DF034939AB2F829BC4B6 /* QuickNotesWindowController.swift in Sources */,
				8B1DD11D5726C2A86B86D984 /* StatusBarController.swift in Sources */,
				4C98B6793738B7E49F8E1C9C /* LauncherModels.swift in Sources */,
				C9AA59079ECAC4712B309182 /* QuickNote.swift in Sources */,
				853E9DFCCC7CCC396E891B74 /* AppSearchService.swift in Sources */,
				7D8CD7C9BCFB2A75ED021AE2 /* Collection+Uniqued.swift in Sources */,
				34DA281BF4E3247B829A853B /* EmojiAnnotationIndex.swift in Sources */,
				96A327FB3C58037CE82C0834 /* EmojiSearchService.swift in Sources */,
				92BAB8F51A81C61923E67147 /* FileSearchService.swift in Sources */,
				50791C467645CE9A3D487D09 /* GlobalShortcutMonitor.swift in Sources */,
				EA3E4F1C5D4FF6A62E986E8A /* LauncherAppState.swift in Sources */,
				43A6B7937516D0FE00C74ACC /* PersistenceController.swift in Sources */,
				9176B53C5E2F0FD2906BE6D4 /* ShortcutSearchService.swift in Sources */,
				2F8901469EB742106F29E689 /* WindowManagementService.swift in Sources */,
				F7DBD6B7C261FC41CA09031A /* AvatarView.swift in Sources */,
				B84CE29DC07F91E725D6578E /* LauncherView.swift in Sources */,
				83E76D7340D07E51229E0778 /* QuickNotesView.swift in Sources */,
			);
			runOnlyForDeploymentPostprocessing = 0;
		};
/* End PBXSourcesBuildPhase section */

/* Begin PBXTargetDependency section */
		12227101A949F7603B9C5E28 /* PBXTargetDependency */ = {
			isa = PBXTargetDependency;
			name = Launcher;
			target = AB480C0E88759C7F4D362ABC /* Launcher */;
			targetProxy = FDCE9F7354D083FAE6EAE8C3 /* PBXContainerItemProxy */;
		};
/* End PBXTargetDependency section */

/* Begin XCBuildConfiguration section */
		2C3182EE10D43B05D26F9A53 /* Debug */ = {
			isa = XCBuildConfiguration;
			buildSettings = {
				ALWAYS_SEARCH_USER_PATHS = NO;
				CLANG_ANALYZER_NONNULL = YES;
				CLANG_ANALYZER_NUMBER_OBJECT_CONVERSION = YES_AGGRESSIVE;
				CLANG_CXX_LANGUAGE_STANDARD = "gnu++14";
				CLANG_CXX_LIBRARY = "libc++";
				CLANG_ENABLE_MODULES = YES;
				CLANG_ENABLE_OBJC_ARC = YES;
				CLANG_ENABLE_OBJC_WEAK = YES;
				CLANG_WARN_BLOCK_CAPTURE_AUTORELEASING = YES;
				CLANG_WARN_BOOL_CONVERSION = YES;
				CLANG_WARN_COMMA = YES;
				CLANG_WARN_CONSTANT_CONVERSION = YES;
				CLANG_WARN_DEPRECATED_OBJC_IMPLEMENTATIONS = YES;
				CLANG_WARN_DIRECT_OBJC_ISA_USAGE = YES_ERROR;
				CLANG_WARN_DOCUMENTATION_COMMENTS = YES;
				CLANG_WARN_EMPTY_BODY = YES;
				CLANG_WARN_ENUM_CONVERSION = YES;
				CLANG_WARN_INFINITE_RECURSION = YES;
				CLANG_WARN_INT_CONVERSION = YES;
				CLANG_WARN_NON_LITERAL_NULL_CONVERSION = YES;
				CLANG_WARN_OBJC_IMPLICIT_RETAIN_SELF = YES;
				CLANG_WARN_OBJC_LITERAL_CONVERSION = YES;
				CLANG_WARN_OBJC_ROOT_CLASS = YES_ERROR;
				CLANG_WARN_QUOTED_INCLUDE_IN_FRAMEWORK_HEADER = YES;
				CLANG_WARN_RANGE_LOOP_ANALYSIS = YES;
				CLANG_WARN_STRICT_PROTOTYPES = YES;
				CLANG_WARN_SUSPICIOUS_MOVE = YES;
				CLANG_WARN_UNGUARDED_AVAILABILITY = YES_AGGRESSIVE;
				CLANG_WARN_UNREACHABLE_CODE = YES;
				CLANG_WARN__DUPLICATE_METHOD_MATCH = YES;
				COPY_PHASE_STRIP = NO;
				DEBUG_INFORMATION_FORMAT = dwarf;
				ENABLE_STRICT_OBJC_MSGSEND = YES;
				ENABLE_TESTABILITY = YES;
				GCC_C_LANGUAGE_STANDARD = gnu11;
				GCC_DYNAMIC_NO_PIC = NO;
				GCC_NO_COMMON_BLOCKS = YES;
				GCC_OPTIMIZATION_LEVEL = 0;
				GCC_PREPROCESSOR_DEFINITIONS = (
					"DEBUG=1",
					"$(inherited)",
				);
				GCC_WARN_64_TO_32_BIT_CONVERSION = YES;
				GCC_WARN_ABOUT_RETURN_TYPE = YES_ERROR;
				GCC_WARN_UNDECLARED_SELECTOR = YES;
				GCC_WARN_UNINITIALIZED_AUTOS = YES_AGGRESSIVE;
				GCC_WARN_UNUSED_FUNCTION = YES;
				GCC_WARN_UNUSED_VARIABLE = YES;
				MTL_ENABLE_DEBUG_INFO = INCLUDE_SOURCE;
				MTL_FAST_MATH = YES;
				ONLY_ACTIVE_ARCH = YES;
				PRODUCT_NAME = "$(TARGET_NAME)";
				SWIFT_ACTIVE_COMPILATION_CONDITIONS = DEBUG;
				SWIFT_OPTIMIZATION_LEVEL = "-Onone";
				SWIFT_VERSION = 5.0;
			};
			name = Debug;
		};
		3E29758D630BC3954508D5C5 /* Release */ = {
			isa = XCBuildConfiguration;
			buildSettings = {
				BUNDLE_LOADER = "$(TEST_HOST)";
				CLANG_ENABLE_MODULES = YES;
				CODE_SIGNING_ALLOWED = NO;
				DEFINES_MODULE = YES;
				ENABLE_USER_SCRIPT_SANDBOXING = YES;
				GENERATE_INFOPLIST_FILE = YES;
				MACOSX_DEPLOYMENT_TARGET = 14.0;
				PRODUCT_BUNDLE_IDENTIFIER = dev.subset.launcher.tests;
				PRODUCT_NAME = "$(TARGET_NAME)";
				SDKROOT = macosx;
				SUPPORTED_PLATFORMS = macosx;
				SWIFT_EMIT_LOC_STRINGS = NO;
				SWIFT_VERSION = 6.0;
				TEST_HOST = "$(BUILT_PRODUCTS_DIR)/Launcher.app/Contents/MacOS/Launcher";
			};
			name = Release;
		};
		4A4CE04DC35FE61E4274E586 /* Release */ = {
			isa = XCBuildConfiguration;
			buildSettings = {
				ASSETCATALOG_COMPILER_APPICON_NAME = AppIcon;
				ASSETCATALOG_COMPILER_GLOBAL_ACCENT_COLOR_NAME = AccentColor;
				CLANG_ENABLE_MODULES = YES;
				CODE_SIGN_STYLE = Automatic;
				COMBINE_HIDPI_IMAGES = YES;
				CURRENT_PROJECT_VERSION = 1;
				DEFINES_MODULE = YES;
				ENABLE_USER_SCRIPT_SANDBOXING = YES;
				GENERATE_INFOPLIST_FILE = NO;
				INFOPLIST_FILE = "MacApp/macOS-Info.plist";
				LD_RUNPATH_SEARCH_PATHS = "$(inherited) @executable_path/../Frameworks";
				MACOSX_DEPLOYMENT_TARGET = 14.0;
				MARKETING_VERSION = 1.0;
				PRODUCT_BUNDLE_IDENTIFIER = dev.subset.launcher;
				PRODUCT_NAME = Launcher;
				SDKROOT = macosx;
				SUPPORTED_PLATFORMS = macosx;
				SWIFT_EMIT_LOC_STRINGS = NO;
				SWIFT_VERSION = 6.0;
			};
			name = Release;
		};
		8581211D4923B7E90ECE228A /* Debug */ = {
			isa = XCBuildConfiguration;
			buildSettings = {
				ASSETCATALOG_COMPILER_APPICON_NAME = AppIcon;
				ASSETCATALOG_COMPILER_GLOBAL_ACCENT_COLOR_NAME = AccentColor;
				CLANG_ENABLE_MODULES = YES;
				CODE_SIGN_STYLE = Automatic;
				COMBINE_HIDPI_IMAGES = YES;
				CURRENT_PROJECT_VERSION = 1;
				DEFINES_MODULE = YES;
				ENABLE_USER_SCRIPT_SANDBOXING = YES;
				GENERATE_INFOPLIST_FILE = NO;
				INFOPLIST_FILE = "MacApp/macOS-Info.plist";
				LD_RUNPATH_SEARCH_PATHS = "$(inherited) @executable_path/../Frameworks";
				MACOSX_DEPLOYMENT_TARGET = 14.0;
				MARKETING_VERSION = 1.0;
				PRODUCT_BUNDLE_IDENTIFIER = dev.subset.launcher;
				PRODUCT_NAME = Launcher;
				SDKROOT = macosx;
				SUPPORTED_PLATFORMS = macosx;
				SWIFT_EMIT_LOC_STRINGS = NO;
				SWIFT_VERSION = 6.0;
			};
			name = Debug;
		};
		A429E9CCEE61EC7BA4440520 /* Debug */ = {
			isa = XCBuildConfiguration;
			buildSettings = {
				BUNDLE_LOADER = "$(TEST_HOST)";
				CLANG_ENABLE_MODULES = YES;
				CODE_SIGNING_ALLOWED = NO;
				DEFINES_MODULE = YES;
				ENABLE_USER_SCRIPT_SANDBOXING = YES;
				GENERATE_INFOPLIST_FILE = YES;
				MACOSX_DEPLOYMENT_TARGET = 14.0;
				PRODUCT_BUNDLE_IDENTIFIER = dev.subset.launcher.tests;
				PRODUCT_NAME = "$(TARGET_NAME)";
				SDKROOT = macosx;
				SUPPORTED_PLATFORMS = macosx;
				SWIFT_EMIT_LOC_STRINGS = NO;
				SWIFT_VERSION = 6.0;
				TEST_HOST = "$(BUILT_PRODUCTS_DIR)/Launcher.app/Contents/MacOS/Launcher";
			};
			name = Debug;
		};
		D249A1941379FDDEB2682726 /* Release */ = {
			isa = XCBuildConfiguration;
			buildSettings = {
				ALWAYS_SEARCH_USER_PATHS = NO;
				CLANG_ANALYZER_NONNULL = YES;
				CLANG_ANALYZER_NUMBER_OBJECT_CONVERSION = YES_AGGRESSIVE;
				CLANG_CXX_LANGUAGE_STANDARD = "gnu++14";
				CLANG_CXX_LIBRARY = "libc++";
				CLANG_ENABLE_MODULES = YES;
				CLANG_ENABLE_OBJC_ARC = YES;
				CLANG_ENABLE_OBJC_WEAK = YES;
				CLANG_WARN_BLOCK_CAPTURE_AUTORELEASING = YES;
				CLANG_WARN_BOOL_CONVERSION = YES;
				CLANG_WARN_COMMA = YES;
				CLANG_WARN_CONSTANT_CONVERSION = YES;
				CLANG_WARN_DEPRECATED_OBJC_IMPLEMENTATIONS = YES;
				CLANG_WARN_DIRECT_OBJC_ISA_USAGE = YES_ERROR;
				CLANG_WARN_DOCUMENTATION_COMMENTS = YES;
				CLANG_WARN_EMPTY_BODY = YES;
				CLANG_WARN_ENUM_CONVERSION = YES;
				CLANG_WARN_INFINITE_RECURSION = YES;
				CLANG_WARN_INT_CONVERSION = YES;
				CLANG_WARN_NON_LITERAL_NULL_CONVERSION = YES;
				CLANG_WARN_OBJC_IMPLICIT_RETAIN_SELF = YES;
				CLANG_WARN_OBJC_LITERAL_CONVERSION = YES;
				CLANG_WARN_OBJC_ROOT_CLASS = YES_ERROR;
				CLANG_WARN_QUOTED_INCLUDE_IN_FRAMEWORK_HEADER = YES;
				CLANG_WARN_RANGE_LOOP_ANALYSIS = YES;
				CLANG_WARN_STRICT_PROTOTYPES = YES;
				CLANG_WARN_SUSPICIOUS_MOVE = YES;
				CLANG_WARN_UNGUARDED_AVAILABILITY = YES_AGGRESSIVE;
				CLANG_WARN_UNREACHABLE_CODE = YES;
				CLANG_WARN__DUPLICATE_METHOD_MATCH = YES;
				COPY_PHASE_STRIP = NO;
				DEBUG_INFORMATION_FORMAT = "dwarf-with-dsym";
				ENABLE_NS_ASSERTIONS = NO;
				ENABLE_STRICT_OBJC_MSGSEND = YES;
				GCC_C_LANGUAGE_STANDARD = gnu11;
				GCC_NO_COMMON_BLOCKS = YES;
				GCC_WARN_64_TO_32_BIT_CONVERSION = YES;
				GCC_WARN_ABOUT_RETURN_TYPE = YES_ERROR;
				GCC_WARN_UNDECLARED_SELECTOR = YES;
				GCC_WARN_UNINITIALIZED_AUTOS = YES_AGGRESSIVE;
				GCC_WARN_UNUSED_FUNCTION = YES;
				GCC_WARN_UNUSED_VARIABLE = YES;
				MTL_ENABLE_DEBUG_INFO = NO;
				MTL_FAST_MATH = YES;
				PRODUCT_NAME = "$(TARGET_NAME)";
				SWIFT_COMPILATION_MODE = wholemodule;
				SWIFT_OPTIMIZATION_LEVEL = "-O";
				SWIFT_VERSION = 5.0;
			};
			name = Release;
		};
/* End XCBuildConfiguration section */

/* Begin XCConfigurationList section */
		7DAB474552E40998AD58BCC3 /* Build configuration list for PBXNativeTarget "Launcher" */ = {
			isa = XCConfigurationList;
			buildConfigurations = (
				4A4CE04DC35FE61E4274E586 /* Release */,
				8581211D4923B7E90ECE228A /* Debug */,
			);
			defaultConfigurationIsVisible = 0;
			defaultConfigurationName = Release;
		};
		E0830FA1D37F336526616158 /* Build configuration list for PBXProject "Launcher" */ = {
			isa = XCConfigurationList;
			buildConfigurations = (
				2C3182EE10D43B05D26F9A53 /* Debug */,
				D249A1941379FDDEB2682726 /* Release */,
			);
			defaultConfigurationIsVisible = 0;
			defaultConfigurationName = Release;
		};
		FDE652025CEDC1B7C2FCA017 /* Build configuration list for PBXNativeTarget "LauncherTests" */ = {
			isa = XCConfigurationList;
			buildConfigurations = (
				3E29758D630BC3954508D5C5 /* Release */,
				A429E9CCEE61EC7BA4440520 /* Debug */,
			);
			defaultConfigurationIsVisible = 0;
			defaultConfigurationName = Release;
		};
/* End XCConfigurationList section */

/* Begin XCRemoteSwiftPackageReference section */
		E08A7A0830E668283FB21D08 /* XCRemoteSwiftPackageReference "EmojiKit" */ = {
			isa = XCRemoteSwiftPackageReference;
			repositoryURL = "https://github.com/danielsaidi/EmojiKit.git";
			requirement = {
				kind = upToNextMajorVersion;
				minimumVersion = 2.4.0;
			};
		};
/* End XCRemoteSwiftPackageReference section */

/* Begin XCSwiftPackageProductDependency section */
		935D84EE53BC46AEE5610174 /* EmojiKit */ = {
			isa = XCSwiftPackageProductDependency;
			package = E08A7A0830E668283FB21D08 /* XCRemoteSwiftPackageReference "EmojiKit" */;
			productName = EmojiKit;
		};
/* End XCSwiftPackageProductDependency section */
	};
	rootObject = FBB8CBE619BBA268BB04A835 /* Project object */;
}
