// !$*UTF8*$!
{
	archiveVersion = 1;
	classes = {
	};
	objectVersion = 46;
	objects = {

/* Begin PBXBuildFile section */
		087E37B7DAF261999E9E5052 /* ClipboardHistoryStore.swift in Sources */ = {isa = PBXBuildFile; fileRef = 73E3D6689495F09B87E3EF59 /* ClipboardHistoryStore.swift */; };
		0C5C59E96C931C7A4B88E43E /* ClipboardItem.swift in Sources */ = {isa = PBXBuildFile; fileRef = 91497BF00517CBAA371B4D17 /* ClipboardItem.swift */; };
		118E8320996CDF21BAA5914F /* KeyboardSetupState.swift in Sources */ = {isa = PBXBuildFile; fileRef = DB852872B923D5D802D668D9 /* KeyboardSetupState.swift */; };
		1990DBCE986CA18797D658B3 /* ClipboardHistoryPanel.swift in Sources */ = {isa = PBXBuildFile; fileRef = 578C67ABAAAB79DB4A930DF7 /* ClipboardHistoryPanel.swift */; };
		1B88AEA0BD135A4A7C8AD76B /* ClipboardKeyboardViewController.swift in Sources */ = {isa = PBXBuildFile; fileRef = 15B0831B549610D53E1D4CF8 /* ClipboardKeyboardViewController.swift */; };
		2673777A008413F7E5773AB8 /* ClipboardHistoryStore.swift in Sources */ = {isa = PBXBuildFile; fileRef = 73E3D6689495F09B87E3EF59 /* ClipboardHistoryStore.swift */; };
		353B10A48F36D375AFDAF236 /* Foundation.framework in Frameworks */ = {isa = PBXBuildFile; fileRef = 30A8E5F5DC396A4E79CE5306 /* Foundation.framework */; };
		36B63EC1A3D353D415F1EE61 /* ClipboardAppController.swift in Sources */ = {isa = PBXBuildFile; fileRef = 26F40FCBFA494900DC3552F1 /* ClipboardAppController.swift */; };
		3AF38D5F6AC26FE4BE9F5677 /* ClipboardKeyboardExtension.appex in Embed App Extensions */ = {isa = PBXBuildFile; fileRef = 16642C88DB247A6C1762C9A4 /* ClipboardKeyboardExtension.appex */; settings = {ATTRIBUTES = (CodeSignOnCopy, RemoveHeadersOnCopy, ); }; };
		3B9B9EB7A8D2E57D789345FB /* SharedContainer.swift in Sources */ = {isa = PBXBuildFile; fileRef = 72CE0C9CBB86020DC3128564 /* SharedContainer.swift */; };
		3F47B68D8FCED53CAC6D0D43 /* ClipboardAutoSync.swift in Sources */ = {isa = PBXBuildFile; fileRef = 5F221A5BFCA63F6F9104CC41 /* ClipboardAutoSync.swift */; };
		4167F74BB6607306AB0B4D72 /* SharedContainer.swift in Sources */ = {isa = PBXBuildFile; fileRef = 72CE0C9CBB86020DC3128564 /* SharedContainer.swift */; };
		4256B9EA34E5F567669EE527 /* ActiveAppPasteService.swift in Sources */ = {isa = PBXBuildFile; fileRef = 30A9D2B651FAF34C96A837A1 /* ActiveAppPasteService.swift */; };
		5E1B13166D960D0B279EF49A /* GlobalShortcutMonitor.swift in Sources */ = {isa = PBXBuildFile; fileRef = 3E8FBD7BC89F8FB8EAA55278 /* GlobalShortcutMonitor.swift */; };
		6325112BDC70A47CE05E4899 /* ClipboardItem.swift in Sources */ = {isa = PBXBuildFile; fileRef = 91497BF00517CBAA371B4D17 /* ClipboardItem.swift */; };
		664640839CABD4F5F0499721 /* KeyboardClipboardController.swift in Sources */ = {isa = PBXBuildFile; fileRef = EBBE4F3A382204AAE65F5CB0 /* KeyboardClipboardController.swift */; };
		68F84359BE44B627BB771157 /* ClipboardManager.swift in Sources */ = {isa = PBXBuildFile; fileRef = C456625E645BC16ED013899A /* ClipboardManager.swift */; };
		73FBAC0F54BBFC8DF913FF42 /* ClipboardMonitor.swift in Sources */ = {isa = PBXBuildFile; fileRef = B92AFB024C8EF59561B0DB62 /* ClipboardMonitor.swift */; };
		7F0D381E4A51767F74443D76 /* ClipboardAutoSync.swift in Sources */ = {isa = PBXBuildFile; fileRef = 5F221A5BFCA63F6F9104CC41 /* ClipboardAutoSync.swift */; };
		8F621A91BEEB7389D468C49D /* ClipboardiOSApp.swift in Sources */ = {isa = PBXBuildFile; fileRef = E7E1324025A5FCFFB95A723F /* ClipboardiOSApp.swift */; };
		9447E9D9752D85AEA4A0CB8B /* KeyboardSetupState.swift in Sources */ = {isa = PBXBuildFile; fileRef = DB852872B923D5D802D668D9 /* KeyboardSetupState.swift */; };
		9ED2A3AE529A1E60BB0C0E27 /* Cocoa.framework in Frameworks */ = {isa = PBXBuildFile; fileRef = FC4861A7B349279E317CEE06 /* Cocoa.framework */; };
		A28CE0297E595A1012554809 /* MobileClipboardShelf.swift in Sources */ = {isa = PBXBuildFile; fileRef = 187947E263906A99FE4FE05C /* MobileClipboardShelf.swift */; };
		A8D0F5F2B893851B8F5F935C /* ClipboardMacApp.swift in Sources */ = {isa = PBXBuildFile; fileRef = E9AE94F5DB40FC08D3903C57 /* ClipboardMacApp.swift */; };
		AB2E00B1DDCA5EEA70D7B0E8 /* Foundation.framework in Frameworks */ = {isa = PBXBuildFile; fileRef = 30A8E5F5DC396A4E79CE5306 /* Foundation.framework */; };
		B03EEA4972C1967AD5C41012 /* KeyboardSetupState.swift in Sources */ = {isa = PBXBuildFile; fileRef = DB852872B923D5D802D668D9 /* KeyboardSetupState.swift */; };
		B2652E686F63FCCBB4B0216C /* IOSClipboardHostView.swift in Sources */ = {isa = PBXBuildFile; fileRef = DF8992B669647DC0FF3BFF79 /* IOSClipboardHostView.swift */; };
		B3DC0677660A4A19008BA5D3 /* ClipboardHistoryStore.swift in Sources */ = {isa = PBXBuildFile; fileRef = 73E3D6689495F09B87E3EF59 /* ClipboardHistoryStore.swift */; };
		BBE24B82B4DE6B51EF302038 /* SharedContainer.swift in Sources */ = {isa = PBXBuildFile; fileRef = 72CE0C9CBB86020DC3128564 /* SharedContainer.swift */; };
		BF5C379AF859EEC8D88C83DB /* StatusBarController.swift in Sources */ = {isa = PBXBuildFile; fileRef = 15A893987EC9B7037ECBD12C /* StatusBarController.swift */; };
		CDB9A269D7428C8EBCCF474D /* ClipboardKeyboardRootView.swift in Sources */ = {isa = PBXBuildFile; fileRef = 12FDEFB6E34B11A89DEF256B /* ClipboardKeyboardRootView.swift */; };
		DAA13F3F1C06C76848576C66 /* ClipboardPanelRow.swift in Sources */ = {isa = PBXBuildFile; fileRef = 79ED4E8751436E91C44D9538 /* ClipboardPanelRow.swift */; };
		DE8BF40CDB328D848EA84CAE /* MobileClipboardManager.swift in Sources */ = {isa = PBXBuildFile; fileRef = 234547EB2BE9D9ECE3D2FAE0 /* MobileClipboardManager.swift */; };
		DFAF5EB5E842F52DD9EF59D4 /* ClipboardItem.swift in Sources */ = {isa = PBXBuildFile; fileRef = 91497BF00517CBAA371B4D17 /* ClipboardItem.swift */; };
		E1C8D1DA6FF9D8E17591AF16 /* MobileClipboardShelf.swift in Sources */ = {isa = PBXBuildFile; fileRef = 187947E263906A99FE4FE05C /* MobileClipboardShelf.swift */; };
		E5A323FBE810DA6856B598EE /* ClipboardPanel.swift in Sources */ = {isa = PBXBuildFile; fileRef = 791A8677C370D572A9B679B7 /* ClipboardPanel.swift */; };
		F60E3E9367D5E3934BA54088 /* ClipboardAutoSync.swift in Sources */ = {isa = PBXBuildFile; fileRef = 5F221A5BFCA63F6F9104CC41 /* ClipboardAutoSync.swift */; };
		FBB088D3946795A9C36D19E0 /* ClipboardPanelController.swift in Sources */ = {isa = PBXBuildFile; fileRef = 5EE0EC12BE8C3C4C70A8DEE0 /* ClipboardPanelController.swift */; };
/* End PBXBuildFile section */

/* Begin PBXContainerItemProxy section */
		367C2A5F5C818ED576F4F050 /* PBXContainerItemProxy */ = {
			isa = PBXContainerItemProxy;
			containerPortal = 94C6F66FD95C701CB6F36AE9 /* Project object */;
			proxyType = 1;
			remoteGlobalIDString = 0E568CA585BBC381B9A6E15A;
			remoteInfo = ClipboardKeyboardExtension;
		};
/* End PBXContainerItemProxy section */

/* Begin PBXCopyFilesBuildPhase section */
		CE49928E042E503ECDBBFD5E /* Embed App Extensions */ = {
			isa = PBXCopyFilesBuildPhase;
			buildActionMask = 2147483647;
			dstPath = "";
			dstSubfolderSpec = 13;
			files = (
				3AF38D5F6AC26FE4BE9F5677 /* ClipboardKeyboardExtension.appex in Embed App Extensions */,
			);
			name = "Embed App Extensions";
			runOnlyForDeploymentPostprocessing = 0;
		};
/* End PBXCopyFilesBuildPhase section */

/* Begin PBXFileReference section */
		12FDEFB6E34B11A89DEF256B /* ClipboardKeyboardRootView.swift */ = {isa = PBXFileReference; includeInIndex = 1; lastKnownFileType = sourcecode.swift; path = ClipboardKeyboardRootView.swift; sourceTree = "<group>"; };
		15A893987EC9B7037ECBD12C /* StatusBarController.swift */ = {isa = PBXFileReference; includeInIndex = 1; lastKnownFileType = sourcecode.swift; path = StatusBarController.swift; sourceTree = "<group>"; };
		15B0831B549610D53E1D4CF8 /* ClipboardKeyboardViewController.swift */ = {isa = PBXFileReference; includeInIndex = 1; lastKnownFileType = sourcecode.swift; path = ClipboardKeyboardViewController.swift; sourceTree = "<group>"; };
		16642C88DB247A6C1762C9A4 /* ClipboardKeyboardExtension.appex */ = {isa = PBXFileReference; explicitFileType = "wrapper.app-extension"; includeInIndex = 0; path = ClipboardKeyboardExtension.appex; sourceTree = BUILT_PRODUCTS_DIR; };
		187947E263906A99FE4FE05C /* MobileClipboardShelf.swift */ = {isa = PBXFileReference; includeInIndex = 1; lastKnownFileType = sourcecode.swift; path = MobileClipboardShelf.swift; sourceTree = "<group>"; };
		234547EB2BE9D9ECE3D2FAE0 /* MobileClipboardManager.swift */ = {isa = PBXFileReference; includeInIndex = 1; lastKnownFileType = sourcecode.swift; path = MobileClipboardManager.swift; sourceTree = "<group>"; };
		26F40FCBFA494900DC3552F1 /* ClipboardAppController.swift */ = {isa = PBXFileReference; includeInIndex = 1; lastKnownFileType = sourcecode.swift; path = ClipboardAppController.swift; sourceTree = "<group>"; };
		30A8E5F5DC396A4E79CE5306 /* Foundation.framework */ = {isa = PBXFileReference; lastKnownFileType = wrapper.framework; name = Foundation.framework; path = Platforms/iPhoneOS.platform/Developer/SDKs/iPhoneOS18.0.sdk/System/Library/Frameworks/Foundation.framework; sourceTree = DEVELOPER_DIR; };
		30A9D2B651FAF34C96A837A1 /* ActiveAppPasteService.swift */ = {isa = PBXFileReference; includeInIndex = 1; lastKnownFileType = sourcecode.swift; path = ActiveAppPasteService.swift; sourceTree = "<group>"; };
		3E8FBD7BC89F8FB8EAA55278 /* GlobalShortcutMonitor.swift */ = {isa = PBXFileReference; includeInIndex = 1; lastKnownFileType = sourcecode.swift; path = GlobalShortcutMonitor.swift; sourceTree = "<group>"; };
		439A635BA1BB34F0D4539EA7 /* ClipboardiOS.entitlements */ = {isa = PBXFileReference; includeInIndex = 1; lastKnownFileType = text.plist.entitlements; path = ClipboardiOS.entitlements; sourceTree = "<group>"; };
		4D9CCE677BF74D453503BBE4 /* iOS-Info.plist */ = {isa = PBXFileReference; includeInIndex = 1; lastKnownFileType = text.plist.xml; path = "iOS-Info.plist"; sourceTree = "<group>"; };
		578C67ABAAAB79DB4A930DF7 /* ClipboardHistoryPanel.swift */ = {isa = PBXFileReference; includeInIndex = 1; lastKnownFileType = sourcecode.swift; path = ClipboardHistoryPanel.swift; sourceTree = "<group>"; };
		5EE0EC12BE8C3C4C70A8DEE0 /* ClipboardPanelController.swift */ = {isa = PBXFileReference; includeInIndex = 1; lastKnownFileType = sourcecode.swift; path = ClipboardPanelController.swift; sourceTree = "<group>"; };
		5F221A5BFCA63F6F9104CC41 /* ClipboardAutoSync.swift */ = {isa = PBXFileReference; includeInIndex = 1; lastKnownFileType = sourcecode.swift; path = ClipboardAutoSync.swift; sourceTree = "<group>"; };
		6F66A0C46B9D2F0960878976 /* ClipboardiOS.app */ = {isa = PBXFileReference; explicitFileType = wrapper.application; includeInIndex = 0; path = ClipboardiOS.app; sourceTree = BUILT_PRODUCTS_DIR; };
		715AEB97CDB63D4CAA82F09A /* macOS-Info.plist */ = {isa = PBXFileReference; includeInIndex = 1; lastKnownFileType = text.plist.xml; path = "macOS-Info.plist"; sourceTree = "<group>"; };
		72CE0C9CBB86020DC3128564 /* SharedContainer.swift */ = {isa = PBXFileReference; includeInIndex = 1; lastKnownFileType = sourcecode.swift; path = SharedContainer.swift; sourceTree = "<group>"; };
		73E3D6689495F09B87E3EF59 /* ClipboardHistoryStore.swift */ = {isa = PBXFileReference; includeInIndex = 1; lastKnownFileType = sourcecode.swift; path = ClipboardHistoryStore.swift; sourceTree = "<group>"; };
		791A8677C370D572A9B679B7 /* ClipboardPanel.swift */ = {isa = PBXFileReference; includeInIndex = 1; lastKnownFileType = sourcecode.swift; path = ClipboardPanel.swift; sourceTree = "<group>"; };
		79ED4E8751436E91C44D9538 /* ClipboardPanelRow.swift */ = {isa = PBXFileReference; includeInIndex = 1; lastKnownFileType = sourcecode.swift; path = ClipboardPanelRow.swift; sourceTree = "<group>"; };
		81B0EAF6641A6842E28C813B /* ClipboardMac.app */ = {isa = PBXFileReference; explicitFileType = wrapper.application; includeInIndex = 0; path = ClipboardMac.app; sourceTree = BUILT_PRODUCTS_DIR; };
		91497BF00517CBAA371B4D17 /* ClipboardItem.swift */ = {isa = PBXFileReference; includeInIndex = 1; lastKnownFileType = sourcecode.swift; path = ClipboardItem.swift; sourceTree = "<group>"; };
		B92AFB024C8EF59561B0DB62 /* ClipboardMonitor.swift */ = {isa = PBXFileReference; includeInIndex = 1; lastKnownFileType = sourcecode.swift; path = ClipboardMonitor.swift; sourceTree = "<group>"; };
		C456625E645BC16ED013899A /* ClipboardManager.swift */ = {isa = PBXFileReference; includeInIndex = 1; lastKnownFileType = sourcecode.swift; path = ClipboardManager.swift; sourceTree = "<group>"; };
		D0E7AD9FC55006B3290682C3 /* ClipboardKeyboard.entitlements */ = {isa = PBXFileReference; includeInIndex = 1; lastKnownFileType = text.plist.entitlements; path = ClipboardKeyboard.entitlements; sourceTree = "<group>"; };
		DB852872B923D5D802D668D9 /* KeyboardSetupState.swift */ = {isa = PBXFileReference; includeInIndex = 1; lastKnownFileType = sourcecode.swift; path = KeyboardSetupState.swift; sourceTree = "<group>"; };
		DF8992B669647DC0FF3BFF79 /* IOSClipboardHostView.swift */ = {isa = PBXFileReference; includeInIndex = 1; lastKnownFileType = sourcecode.swift; path = IOSClipboardHostView.swift; sourceTree = "<group>"; };
		E7E1324025A5FCFFB95A723F /* ClipboardiOSApp.swift */ = {isa = PBXFileReference; includeInIndex = 1; lastKnownFileType = sourcecode.swift; path = ClipboardiOSApp.swift; sourceTree = "<group>"; };
		E9AE94F5DB40FC08D3903C57 /* ClipboardMacApp.swift */ = {isa = PBXFileReference; includeInIndex = 1; lastKnownFileType = sourcecode.swift; path = ClipboardMacApp.swift; sourceTree = "<group>"; };
		EBBE4F3A382204AAE65F5CB0 /* KeyboardClipboardController.swift */ = {isa = PBXFileReference; includeInIndex = 1; lastKnownFileType = sourcecode.swift; path = KeyboardClipboardController.swift; sourceTree = "<group>"; };
		F2B6EC382828425C7153B3B4 /* Keyboard-Info.plist */ = {isa = PBXFileReference; includeInIndex = 1; lastKnownFileType = text.plist.xml; path = "Keyboard-Info.plist"; sourceTree = "<group>"; };
		FC4861A7B349279E317CEE06 /* Cocoa.framework */ = {isa = PBXFileReference; lastKnownFileType = wrapper.framework; name = Cocoa.framework; path = Platforms/MacOSX.platform/Developer/SDKs/MacOSX15.0.sdk/System/Library/Frameworks/Cocoa.framework; sourceTree = DEVELOPER_DIR; };
/* End PBXFileReference section */

/* Begin PBXFrameworksBuildPhase section */
		2DE10C3F1BB65E97ACDF699B /* Frameworks */ = {
			isa = PBXFrameworksBuildPhase;
			buildActionMask = 2147483647;
			files = (
				353B10A48F36D375AFDAF236 /* Foundation.framework in Frameworks */,
			);
			runOnlyForDeploymentPostprocessing = 0;
		};
		BA18542FE18242C7B10EE769 /* Frameworks */ = {
			isa = PBXFrameworksBuildPhase;
			buildActionMask = 2147483647;
			files = (
				AB2E00B1DDCA5EEA70D7B0E8 /* Foundation.framework in Frameworks */,
			);
			runOnlyForDeploymentPostprocessing = 0;
		};
		F5F285DA894DE4541AABAB3E /* Frameworks */ = {
			isa = PBXFrameworksBuildPhase;
			buildActionMask = 2147483647;
			files = (
				9ED2A3AE529A1E60BB0C0E27 /* Cocoa.framework in Frameworks */,
			);
			runOnlyForDeploymentPostprocessing = 0;
		};
/* End PBXFrameworksBuildPhase section */

/* Begin PBXGroup section */
		152A3F60C61611427F00601A /* iOSApp */ = {
			isa = PBXGroup;
			children = (
				E7E1324025A5FCFFB95A723F /* ClipboardiOSApp.swift */,
				DF8992B669647DC0FF3BFF79 /* IOSClipboardHostView.swift */,
				4D9CCE677BF74D453503BBE4 /* iOS-Info.plist */,
				439A635BA1BB34F0D4539EA7 /* ClipboardiOS.entitlements */,
			);
			name = iOSApp;
			path = iOSApp;
			sourceTree = "<group>";
		};
		26A9C49D197E4614D5480123 /* OS X */ = {
			isa = PBXGroup;
			children = (
				FC4861A7B349279E317CEE06 /* Cocoa.framework */,
			);
			name = "OS X";
			sourceTree = "<group>";
		};
		38E301AC321EFD20A28FD202 /* iOS */ = {
			isa = PBXGroup;
			children = (
				30A8E5F5DC396A4E79CE5306 /* Foundation.framework */,
			);
			name = iOS;
			sourceTree = "<group>";
		};
		569F596083F630E42E8BC410 /* Frameworks */ = {
			isa = PBXGroup;
			children = (
				26A9C49D197E4614D5480123 /* OS X */,
				38E301AC321EFD20A28FD202 /* iOS */,
			);
			name = Frameworks;
			sourceTree = "<group>";
		};
		6147039150E1829374DE4B00 /* Services */ = {
			isa = PBXGroup;
			children = (
				5F221A5BFCA63F6F9104CC41 /* ClipboardAutoSync.swift */,
				73E3D6689495F09B87E3EF59 /* ClipboardHistoryStore.swift */,
				DB852872B923D5D802D668D9 /* KeyboardSetupState.swift */,
				72CE0C9CBB86020DC3128564 /* SharedContainer.swift */,
				234547EB2BE9D9ECE3D2FAE0 /* MobileClipboardManager.swift */,
				EBBE4F3A382204AAE65F5CB0 /* KeyboardClipboardController.swift */,
				30A9D2B651FAF34C96A837A1 /* ActiveAppPasteService.swift */,
				C456625E645BC16ED013899A /* ClipboardManager.swift */,
				B92AFB024C8EF59561B0DB62 /* ClipboardMonitor.swift */,
				3E8FBD7BC89F8FB8EAA55278 /* GlobalShortcutMonitor.swift */,
			);
			name = Services;
			path = Services;
			sourceTree = "<group>";
		};
		67287926F5A0972879A26A3E /* Shared */ = {
			isa = PBXGroup;
			children = (
				B58C7A5C09489F7E94129FF5 /* Models */,
				6147039150E1829374DE4B00 /* Services */,
				862DF735A5941BA1856301C8 /* Views */,
			);
			name = Shared;
			path = Shared;
			sourceTree = "<group>";
		};
		77152F096A405649880138F2 /* Products */ = {
			isa = PBXGroup;
			children = (
				81B0EAF6641A6842E28C813B /* ClipboardMac.app */,
				6F66A0C46B9D2F0960878976 /* ClipboardiOS.app */,
				16642C88DB247A6C1762C9A4 /* ClipboardKeyboardExtension.appex */,
			);
			name = Products;
			sourceTree = "<group>";
		};
		7929E2C49C5A8B130C637671 = {
			isa = PBXGroup;
			children = (
				77152F096A405649880138F2 /* Products */,
				569F596083F630E42E8BC410 /* Frameworks */,
				67287926F5A0972879A26A3E /* Shared */,
				F554BD93911778AD0810D1B9 /* MacApp */,
				152A3F60C61611427F00601A /* iOSApp */,
				FB324E2CF99C74B7DD3C8240 /* KeyboardExtension */,
			);
			sourceTree = "<group>";
		};
		862DF735A5941BA1856301C8 /* Views */ = {
			isa = PBXGroup;
			children = (
				187947E263906A99FE4FE05C /* MobileClipboardShelf.swift */,
			);
			name = Views;
			path = Views;
			sourceTree = "<group>";
		};
		B58C7A5C09489F7E94129FF5 /* Models */ = {
			isa = PBXGroup;
			children = (
				91497BF00517CBAA371B4D17 /* ClipboardItem.swift */,
			);
			name = Models;
			path = Models;
			sourceTree = "<group>";
		};
		F554BD93911778AD0810D1B9 /* MacApp */ = {
			isa = PBXGroup;
			children = (
				26F40FCBFA494900DC3552F1 /* ClipboardAppController.swift */,
				578C67ABAAAB79DB4A930DF7 /* ClipboardHistoryPanel.swift */,
				E9AE94F5DB40FC08D3903C57 /* ClipboardMacApp.swift */,
				791A8677C370D572A9B679B7 /* ClipboardPanel.swift */,
				5EE0EC12BE8C3C4C70A8DEE0 /* ClipboardPanelController.swift */,
				79ED4E8751436E91C44D9538 /* ClipboardPanelRow.swift */,
				15A893987EC9B7037ECBD12C /* StatusBarController.swift */,
				715AEB97CDB63D4CAA82F09A /* macOS-Info.plist */,
			);
			name = MacApp;
			path = MacApp;
			sourceTree = "<group>";
		};
		FB324E2CF99C74B7DD3C8240 /* KeyboardExtension */ = {
			isa = PBXGroup;
			children = (
				12FDEFB6E34B11A89DEF256B /* ClipboardKeyboardRootView.swift */,
				15B0831B549610D53E1D4CF8 /* ClipboardKeyboardViewController.swift */,
				F2B6EC382828425C7153B3B4 /* Keyboard-Info.plist */,
				D0E7AD9FC55006B3290682C3 /* ClipboardKeyboard.entitlements */,
			);
			name = KeyboardExtension;
			path = KeyboardExtension;
			sourceTree = "<group>";
		};
/* End PBXGroup section */

/* Begin PBXNativeTarget section */
		0E568CA585BBC381B9A6E15A /* ClipboardKeyboardExtension */ = {
			isa = PBXNativeTarget;
			buildConfigurationList = 84328C3291E9D077525705EC /* Build configuration list for PBXNativeTarget "ClipboardKeyboardExtension" */;
			buildPhases = (
				3DDBB388B9093B1B884755CF /* Sources */,
				2DE10C3F1BB65E97ACDF699B /* Frameworks */,
				60E81D2432F68C3D22C4651A /* Resources */,
			);
			buildRules = (
			);
			dependencies = (
			);
			name = ClipboardKeyboardExtension;
			productName = ClipboardKeyboardExtension;
			productReference = 16642C88DB247A6C1762C9A4 /* ClipboardKeyboardExtension.appex */;
			productType = "com.apple.product-type.app-extension";
		};
		7905E98A49002AA71461F6B5 /* ClipboardMac */ = {
			isa = PBXNativeTarget;
			buildConfigurationList = 55AB51586D48A46F1C90D188 /* Build configuration list for PBXNativeTarget "ClipboardMac" */;
			buildPhases = (
				1C1FD9A9B4EBFA3AB8645387 /* Sources */,
				F5F285DA894DE4541AABAB3E /* Frameworks */,
				E758FCCB798BF2139DE80426 /* Resources */,
			);
			buildRules = (
			);
			dependencies = (
			);
			name = ClipboardMac;
			productName = ClipboardMac;
			productReference = 81B0EAF6641A6842E28C813B /* ClipboardMac.app */;
			productType = "com.apple.product-type.application";
		};
		A92F519E9937DB49F1614F4C /* ClipboardiOS */ = {
			isa = PBXNativeTarget;
			buildConfigurationList = 3C2CF0F5B20C73FF90C3361E /* Build configuration list for PBXNativeTarget "ClipboardiOS" */;
			buildPhases = (
				83EE9D8E909D0CF49F2C85F5 /* Sources */,
				BA18542FE18242C7B10EE769 /* Frameworks */,
				3F420CA8939FDED50D46178A /* Resources */,
				CE49928E042E503ECDBBFD5E /* Embed App Extensions */,
			);
			buildRules = (
			);
			dependencies = (
				7BE89CB06B23540ABBB94675 /* PBXTargetDependency */,
			);
			name = ClipboardiOS;
			productName = ClipboardiOS;
			productReference = 6F66A0C46B9D2F0960878976 /* ClipboardiOS.app */;
			productType = "com.apple.product-type.application";
		};
/* End PBXNativeTarget section */

/* Begin PBXProject section */
		94C6F66FD95C701CB6F36AE9 /* Project object */ = {
			isa = PBXProject;
			attributes = {
				LastSwiftUpdateCheck = 1640;
				LastUpgradeCheck = 1640;
				TargetAttributes = {
					0E568CA585BBC381B9A6E15A = {
						CreatedOnToolsVersion = 16.4;
					};
					7905E98A49002AA71461F6B5 = {
						CreatedOnToolsVersion = 16.4;
					};
					A92F519E9937DB49F1614F4C = {
						CreatedOnToolsVersion = 16.4;
					};
				};
			};
			buildConfigurationList = E1881F431EC46A0906F8F180 /* Build configuration list for PBXProject "dev.subset.clipboard" */;
			compatibilityVersion = "Xcode 3.2";
			developmentRegion = en;
			hasScannedForEncodings = 0;
			knownRegions = (
				en,
				Base,
			);
			mainGroup = 7929E2C49C5A8B130C637671;
			minimizedProjectReferenceProxies = 0;
			preferredProjectObjectVersion = 77;
			productRefGroup = 77152F096A405649880138F2 /* Products */;
			projectDirPath = "";
			projectRoot = "";
			targets = (
				7905E98A49002AA71461F6B5 /* ClipboardMac */,
				A92F519E9937DB49F1614F4C /* ClipboardiOS */,
				0E568CA585BBC381B9A6E15A /* ClipboardKeyboardExtension */,
			);
		};
/* End PBXProject section */

/* Begin PBXResourcesBuildPhase section */
		3F420CA8939FDED50D46178A /* Resources */ = {
			isa = PBXResourcesBuildPhase;
			buildActionMask = 2147483647;
			files = (
			);
			runOnlyForDeploymentPostprocessing = 0;
		};
		60E81D2432F68C3D22C4651A /* Resources */ = {
			isa = PBXResourcesBuildPhase;
			buildActionMask = 2147483647;
			files = (
			);
			runOnlyForDeploymentPostprocessing = 0;
		};
		E758FCCB798BF2139DE80426 /* Resources */ = {
			isa = PBXResourcesBuildPhase;
			buildActionMask = 2147483647;
			files = (
			);
			runOnlyForDeploymentPostprocessing = 0;
		};
/* End PBXResourcesBuildPhase section */

/* Begin PBXSourcesBuildPhase section */
		1C1FD9A9B4EBFA3AB8645387 /* Sources */ = {
			isa = PBXSourcesBuildPhase;
			buildActionMask = 2147483647;
			files = (
				DFAF5EB5E842F52DD9EF59D4 /* ClipboardItem.swift in Sources */,
				7F0D381E4A51767F74443D76 /* ClipboardAutoSync.swift in Sources */,
				2673777A008413F7E5773AB8 /* ClipboardHistoryStore.swift in Sources */,
				9447E9D9752D85AEA4A0CB8B /* KeyboardSetupState.swift in Sources */,
				4167F74BB6607306AB0B4D72 /* SharedContainer.swift in Sources */,
				4256B9EA34E5F567669EE527 /* ActiveAppPasteService.swift in Sources */,
				68F84359BE44B627BB771157 /* ClipboardManager.swift in Sources */,
				73FBAC0F54BBFC8DF913FF42 /* ClipboardMonitor.swift in Sources */,
				5E1B13166D960D0B279EF49A /* GlobalShortcutMonitor.swift in Sources */,
				36B63EC1A3D353D415F1EE61 /* ClipboardAppController.swift in Sources */,
				1990DBCE986CA18797D658B3 /* ClipboardHistoryPanel.swift in Sources */,
				A8D0F5F2B893851B8F5F935C /* ClipboardMacApp.swift in Sources */,
				E5A323FBE810DA6856B598EE /* ClipboardPanel.swift in Sources */,
				FBB088D3946795A9C36D19E0 /* ClipboardPanelController.swift in Sources */,
				DAA13F3F1C06C76848576C66 /* ClipboardPanelRow.swift in Sources */,
				BF5C379AF859EEC8D88C83DB /* StatusBarController.swift in Sources */,
			);
			runOnlyForDeploymentPostprocessing = 0;
		};
		3DDBB388B9093B1B884755CF /* Sources */ = {
			isa = PBXSourcesBuildPhase;
			buildActionMask = 2147483647;
			files = (
				6325112BDC70A47CE05E4899 /* ClipboardItem.swift in Sources */,
				F60E3E9367D5E3934BA54088 /* ClipboardAutoSync.swift in Sources */,
				087E37B7DAF261999E9E5052 /* ClipboardHistoryStore.swift in Sources */,
				118E8320996CDF21BAA5914F /* KeyboardSetupState.swift in Sources */,
				3B9B9EB7A8D2E57D789345FB /* SharedContainer.swift in Sources */,
				664640839CABD4F5F0499721 /* KeyboardClipboardController.swift in Sources */,
				A28CE0297E595A1012554809 /* MobileClipboardShelf.swift in Sources */,
				CDB9A269D7428C8EBCCF474D /* ClipboardKeyboardRootView.swift in Sources */,
				1B88AEA0BD135A4A7C8AD76B /* ClipboardKeyboardViewController.swift in Sources */,
			);
			runOnlyForDeploymentPostprocessing = 0;
		};
		83EE9D8E909D0CF49F2C85F5 /* Sources */ = {
			isa = PBXSourcesBuildPhase;
			buildActionMask = 2147483647;
			files = (
				0C5C59E96C931C7A4B88E43E /* ClipboardItem.swift in Sources */,
				3F47B68D8FCED53CAC6D0D43 /* ClipboardAutoSync.swift in Sources */,
				B3DC0677660A4A19008BA5D3 /* ClipboardHistoryStore.swift in Sources */,
				B03EEA4972C1967AD5C41012 /* KeyboardSetupState.swift in Sources */,
				BBE24B82B4DE6B51EF302038 /* SharedContainer.swift in Sources */,
				DE8BF40CDB328D848EA84CAE /* MobileClipboardManager.swift in Sources */,
				E1C8D1DA6FF9D8E17591AF16 /* MobileClipboardShelf.swift in Sources */,
				8F621A91BEEB7389D468C49D /* ClipboardiOSApp.swift in Sources */,
				B2652E686F63FCCBB4B0216C /* IOSClipboardHostView.swift in Sources */,
			);
			runOnlyForDeploymentPostprocessing = 0;
		};
/* End PBXSourcesBuildPhase section */

/* Begin PBXTargetDependency section */
		7BE89CB06B23540ABBB94675 /* PBXTargetDependency */ = {
			isa = PBXTargetDependency;
			name = ClipboardKeyboardExtension;
			target = 0E568CA585BBC381B9A6E15A /* ClipboardKeyboardExtension */;
			targetProxy = 367C2A5F5C818ED576F4F050 /* PBXContainerItemProxy */;
		};
/* End PBXTargetDependency section */

/* Begin XCBuildConfiguration section */
		0D01FDA2E1FD66E111DD4503 /* Release */ = {
			isa = XCBuildConfiguration;
			buildSettings = {
				ASSETCATALOG_COMPILER_APPICON_NAME = AppIcon;
				ASSETCATALOG_COMPILER_GLOBAL_ACCENT_COLOR_NAME = AccentColor;
				CLANG_ENABLE_MODULES = YES;
				CLANG_ENABLE_OBJC_WEAK = NO;
				CODE_SIGN_ENTITLEMENTS = iOSApp/ClipboardiOS.entitlements;
				CURRENT_PROJECT_VERSION = 1;
				DEFINES_MODULE = YES;
				ENABLE_USER_SCRIPT_SANDBOXING = YES;
				GENERATE_INFOPLIST_FILE = NO;
				INFOPLIST_FILE = "iOSApp/iOS-Info.plist";
				IPHONEOS_DEPLOYMENT_TARGET = 17.0;
				LD_RUNPATH_SEARCH_PATHS = "$(inherited) @executable_path/Frameworks";
				MARKETING_VERSION = 1.0;
				PRODUCT_BUNDLE_IDENTIFIER = dev.subset.clipboard.ios;
				PRODUCT_NAME = "$(TARGET_NAME)";
				SDKROOT = iphoneos;
				SUPPORTED_PLATFORMS = "iphoneos iphonesimulator";
				SWIFT_EMIT_LOC_STRINGS = NO;
				SWIFT_VERSION = 6.0;
				TARGETED_DEVICE_FAMILY = "1,2";
				VALIDATE_PRODUCT = YES;
			};
			name = Release;
		};
		3C35A15FABAD0BF94455CA15 /* Debug */ = {
			isa = XCBuildConfiguration;
			buildSettings = {
				ASSETCATALOG_COMPILER_APPICON_NAME = AppIcon;
				ASSETCATALOG_COMPILER_GLOBAL_ACCENT_COLOR_NAME = AccentColor;
				CLANG_ENABLE_MODULES = YES;
				COMBINE_HIDPI_IMAGES = YES;
				CURRENT_PROJECT_VERSION = 1;
				DEFINES_MODULE = YES;
				ENABLE_USER_SCRIPT_SANDBOXING = YES;
				GENERATE_INFOPLIST_FILE = NO;
				INFOPLIST_FILE = "MacApp/macOS-Info.plist";
				LD_RUNPATH_SEARCH_PATHS = "$(inherited) @executable_path/../Frameworks";
				MACOSX_DEPLOYMENT_TARGET = 14.0;
				MARKETING_VERSION = 1.0;
				PRODUCT_BUNDLE_IDENTIFIER = dev.subset.clipboard.macos;
				PRODUCT_NAME = "$(TARGET_NAME)";
				SDKROOT = macosx;
				SUPPORTED_PLATFORMS = macosx;
				SWIFT_EMIT_LOC_STRINGS = NO;
				SWIFT_VERSION = 6.0;
			};
			name = Debug;
		};
		469462CD3D8EFEAB37AEBC26 /* Release */ = {
			isa = XCBuildConfiguration;
			buildSettings = {
				ASSETCATALOG_COMPILER_APPICON_NAME = AppIcon;
				ASSETCATALOG_COMPILER_GLOBAL_ACCENT_COLOR_NAME = AccentColor;
				CLANG_ENABLE_MODULES = YES;
				COMBINE_HIDPI_IMAGES = YES;
				CURRENT_PROJECT_VERSION = 1;
				DEFINES_MODULE = YES;
				ENABLE_USER_SCRIPT_SANDBOXING = YES;
				GENERATE_INFOPLIST_FILE = NO;
				INFOPLIST_FILE = "MacApp/macOS-Info.plist";
				LD_RUNPATH_SEARCH_PATHS = "$(inherited) @executable_path/../Frameworks";
				MACOSX_DEPLOYMENT_TARGET = 14.0;
				MARKETING_VERSION = 1.0;
				PRODUCT_BUNDLE_IDENTIFIER = dev.subset.clipboard.macos;
				PRODUCT_NAME = "$(TARGET_NAME)";
				SDKROOT = macosx;
				SUPPORTED_PLATFORMS = macosx;
				SWIFT_EMIT_LOC_STRINGS = NO;
				SWIFT_VERSION = 6.0;
			};
			name = Release;
		};
		646AD9C0FD5C91E87C7E4D8D /* Debug */ = {
			isa = XCBuildConfiguration;
			buildSettings = {
				ALWAYS_SEARCH_USER_PATHS = NO;
				CLANG_ANALYZER_NONNULL = YES;
				CLANG_ANALYZER_NUMBER_OBJECT_CONVERSION = YES_AGGRESSIVE;
				CLANG_CXX_LANGUAGE_STANDARD = "gnu++14";
				CLANG_CXX_LIBRARY = "libc++";
				CLANG_ENABLE_MODULES = YES;
				CLANG_ENABLE_OBJC_ARC = YES;
				CLANG_ENABLE_OBJC_WEAK = YES;
				CLANG_WARN_BLOCK_CAPTURE_AUTORELEASING = YES;
				CLANG_WARN_BOOL_CONVERSION = YES;
				CLANG_WARN_COMMA = YES;
				CLANG_WARN_CONSTANT_CONVERSION = YES;
				CLANG_WARN_DEPRECATED_OBJC_IMPLEMENTATIONS = YES;
				CLANG_WARN_DIRECT_OBJC_ISA_USAGE = YES_ERROR;
				CLANG_WARN_DOCUMENTATION_COMMENTS = YES;
				CLANG_WARN_EMPTY_BODY = YES;
				CLANG_WARN_ENUM_CONVERSION = YES;
				CLANG_WARN_INFINITE_RECURSION = YES;
				CLANG_WARN_INT_CONVERSION = YES;
				CLANG_WARN_NON_LITERAL_NULL_CONVERSION = YES;
				CLANG_WARN_OBJC_IMPLICIT_RETAIN_SELF = YES;
				CLANG_WARN_OBJC_LITERAL_CONVERSION = YES;
				CLANG_WARN_OBJC_ROOT_CLASS = YES_ERROR;
				CLANG_WARN_QUOTED_INCLUDE_IN_FRAMEWORK_HEADER = YES;
				CLANG_WARN_RANGE_LOOP_ANALYSIS = YES;
				CLANG_WARN_STRICT_PROTOTYPES = YES;
				CLANG_WARN_SUSPICIOUS_MOVE = YES;
				CLANG_WARN_UNGUARDED_AVAILABILITY = YES_AGGRESSIVE;
				CLANG_WARN_UNREACHABLE_CODE = YES;
				CLANG_WARN__DUPLICATE_METHOD_MATCH = YES;
				COPY_PHASE_STRIP = NO;
				DEBUG_INFORMATION_FORMAT = dwarf;
				ENABLE_STRICT_OBJC_MSGSEND = YES;
				ENABLE_TESTABILITY = YES;
				GCC_C_LANGUAGE_STANDARD = gnu11;
				GCC_DYNAMIC_NO_PIC = NO;
				GCC_NO_COMMON_BLOCKS = YES;
				GCC_OPTIMIZATION_LEVEL = 0;
				GCC_PREPROCESSOR_DEFINITIONS = (
					"DEBUG=1",
					"$(inherited)",
				);
				GCC_WARN_64_TO_32_BIT_CONVERSION = YES;
				GCC_WARN_ABOUT_RETURN_TYPE = YES_ERROR;
				GCC_WARN_UNDECLARED_SELECTOR = YES;
				GCC_WARN_UNINITIALIZED_AUTOS = YES_AGGRESSIVE;
				GCC_WARN_UNUSED_FUNCTION = YES;
				GCC_WARN_UNUSED_VARIABLE = YES;
				MTL_ENABLE_DEBUG_INFO = INCLUDE_SOURCE;
				MTL_FAST_MATH = YES;
				ONLY_ACTIVE_ARCH = YES;
				PRODUCT_NAME = "$(TARGET_NAME)";
				SWIFT_ACTIVE_COMPILATION_CONDITIONS = DEBUG;
				SWIFT_OPTIMIZATION_LEVEL = "-Onone";
				SWIFT_VERSION = 5.0;
			};
			name = Debug;
		};
		6FD1DD393C599D960A129333 /* Release */ = {
			isa = XCBuildConfiguration;
			buildSettings = {
				ALWAYS_SEARCH_USER_PATHS = NO;
				CLANG_ANALYZER_NONNULL = YES;
				CLANG_ANALYZER_NUMBER_OBJECT_CONVERSION = YES_AGGRESSIVE;
				CLANG_CXX_LANGUAGE_STANDARD = "gnu++14";
				CLANG_CXX_LIBRARY = "libc++";
				CLANG_ENABLE_MODULES = YES;
				CLANG_ENABLE_OBJC_ARC = YES;
				CLANG_ENABLE_OBJC_WEAK = YES;
				CLANG_WARN_BLOCK_CAPTURE_AUTORELEASING = YES;
				CLANG_WARN_BOOL_CONVERSION = YES;
				CLANG_WARN_COMMA = YES;
				CLANG_WARN_CONSTANT_CONVERSION = YES;
				CLANG_WARN_DEPRECATED_OBJC_IMPLEMENTATIONS = YES;
				CLANG_WARN_DIRECT_OBJC_ISA_USAGE = YES_ERROR;
				CLANG_WARN_DOCUMENTATION_COMMENTS = YES;
				CLANG_WARN_EMPTY_BODY = YES;
				CLANG_WARN_ENUM_CONVERSION = YES;
				CLANG_WARN_INFINITE_RECURSION = YES;
				CLANG_WARN_INT_CONVERSION = YES;
				CLANG_WARN_NON_LITERAL_NULL_CONVERSION = YES;
				CLANG_WARN_OBJC_IMPLICIT_RETAIN_SELF = YES;
				CLANG_WARN_OBJC_LITERAL_CONVERSION = YES;
				CLANG_WARN_OBJC_ROOT_CLASS = YES_ERROR;
				CLANG_WARN_QUOTED_INCLUDE_IN_FRAMEWORK_HEADER = YES;
				CLANG_WARN_RANGE_LOOP_ANALYSIS = YES;
				CLANG_WARN_STRICT_PROTOTYPES = YES;
				CLANG_WARN_SUSPICIOUS_MOVE = YES;
				CLANG_WARN_UNGUARDED_AVAILABILITY = YES_AGGRESSIVE;
				CLANG_WARN_UNREACHABLE_CODE = YES;
				CLANG_WARN__DUPLICATE_METHOD_MATCH = YES;
				COPY_PHASE_STRIP = NO;
				DEBUG_INFORMATION_FORMAT = "dwarf-with-dsym";
				ENABLE_NS_ASSERTIONS = NO;
				ENABLE_STRICT_OBJC_MSGSEND = YES;
				GCC_C_LANGUAGE_STANDARD = gnu11;
				GCC_NO_COMMON_BLOCKS = YES;
				GCC_WARN_64_TO_32_BIT_CONVERSION = YES;
				GCC_WARN_ABOUT_RETURN_TYPE = YES_ERROR;
				GCC_WARN_UNDECLARED_SELECTOR = YES;
				GCC_WARN_UNINITIALIZED_AUTOS = YES_AGGRESSIVE;
				GCC_WARN_UNUSED_FUNCTION = YES;
				GCC_WARN_UNUSED_VARIABLE = YES;
				MTL_ENABLE_DEBUG_INFO = NO;
				MTL_FAST_MATH = YES;
				PRODUCT_NAME = "$(TARGET_NAME)";
				SWIFT_COMPILATION_MODE = wholemodule;
				SWIFT_OPTIMIZATION_LEVEL = "-O";
				SWIFT_VERSION = 5.0;
			};
			name = Release;
		};
		A86C51100966036943E68134 /* Release */ = {
			isa = XCBuildConfiguration;
			buildSettings = {
				APPLICATION_EXTENSION_API_ONLY = YES;
				CLANG_ENABLE_MODULES = YES;
				CLANG_ENABLE_OBJC_WEAK = NO;
				CODE_SIGN_ENTITLEMENTS = KeyboardExtension/ClipboardKeyboard.entitlements;
				CURRENT_PROJECT_VERSION = 1;
				DEFINES_MODULE = YES;
				ENABLE_USER_SCRIPT_SANDBOXING = YES;
				GENERATE_INFOPLIST_FILE = NO;
				INFOPLIST_FILE = "KeyboardExtension/Keyboard-Info.plist";
				IPHONEOS_DEPLOYMENT_TARGET = 17.0;
				LD_RUNPATH_SEARCH_PATHS = "$(inherited) @executable_path/Frameworks @executable_path/../../Frameworks";
				MARKETING_VERSION = 1.0;
				PRODUCT_BUNDLE_IDENTIFIER = dev.subset.clipboard.ios.keyboard;
				PRODUCT_NAME = "$(TARGET_NAME)";
				SDKROOT = iphoneos;
				SKIP_INSTALL = YES;
				SUPPORTED_PLATFORMS = "iphoneos iphonesimulator";
				SWIFT_EMIT_LOC_STRINGS = NO;
				SWIFT_VERSION = 6.0;
				TARGETED_DEVICE_FAMILY = "1,2";
				VALIDATE_PRODUCT = YES;
			};
			name = Release;
		};
		BDBF3A93691640B2D0D5A44E /* Debug */ = {
			isa = XCBuildConfiguration;
			buildSettings = {
				APPLICATION_EXTENSION_API_ONLY = YES;
				CLANG_ENABLE_MODULES = YES;
				CLANG_ENABLE_OBJC_WEAK = NO;
				CODE_SIGN_ENTITLEMENTS = KeyboardExtension/ClipboardKeyboard.entitlements;
				CURRENT_PROJECT_VERSION = 1;
				DEFINES_MODULE = YES;
				ENABLE_USER_SCRIPT_SANDBOXING = YES;
				GENERATE_INFOPLIST_FILE = NO;
				INFOPLIST_FILE = "KeyboardExtension/Keyboard-Info.plist";
				IPHONEOS_DEPLOYMENT_TARGET = 17.0;
				LD_RUNPATH_SEARCH_PATHS = "$(inherited) @executable_path/Frameworks @executable_path/../../Frameworks";
				MARKETING_VERSION = 1.0;
				PRODUCT_BUNDLE_IDENTIFIER = dev.subset.clipboard.ios.keyboard;
				PRODUCT_NAME = "$(TARGET_NAME)";
				SDKROOT = iphoneos;
				SKIP_INSTALL = YES;
				SUPPORTED_PLATFORMS = "iphoneos iphonesimulator";
				SWIFT_EMIT_LOC_STRINGS = NO;
				SWIFT_VERSION = 6.0;
				TARGETED_DEVICE_FAMILY = "1,2";
			};
			name = Debug;
		};
		F621562B65665E6F76EB4A40 /* Debug */ = {
			isa = XCBuildConfiguration;
			buildSettings = {
				ASSETCATALOG_COMPILER_APPICON_NAME = AppIcon;
				ASSETCATALOG_COMPILER_GLOBAL_ACCENT_COLOR_NAME = AccentColor;
				CLANG_ENABLE_MODULES = YES;
				CLANG_ENABLE_OBJC_WEAK = NO;
				CODE_SIGN_ENTITLEMENTS = iOSApp/ClipboardiOS.entitlements;
				CURRENT_PROJECT_VERSION = 1;
				DEFINES_MODULE = YES;
				ENABLE_USER_SCRIPT_SANDBOXING = YES;
				GENERATE_INFOPLIST_FILE = NO;
				INFOPLIST_FILE = "iOSApp/iOS-Info.plist";
				IPHONEOS_DEPLOYMENT_TARGET = 17.0;
				LD_RUNPATH_SEARCH_PATHS = "$(inherited) @executable_path/Frameworks";
				MARKETING_VERSION = 1.0;
				PRODUCT_BUNDLE_IDENTIFIER = dev.subset.clipboard.ios;
				PRODUCT_NAME = "$(TARGET_NAME)";
				SDKROOT = iphoneos;
				SUPPORTED_PLATFORMS = "iphoneos iphonesimulator";
				SWIFT_EMIT_LOC_STRINGS = NO;
				SWIFT_VERSION = 6.0;
				TARGETED_DEVICE_FAMILY = "1,2";
			};
			name = Debug;
		};
/* End XCBuildConfiguration section */

/* Begin XCConfigurationList section */
		3C2CF0F5B20C73FF90C3361E /* Build configuration list for PBXNativeTarget "ClipboardiOS" */ = {
			isa = XCConfigurationList;
			buildConfigurations = (
				0D01FDA2E1FD66E111DD4503 /* Release */,
				F621562B65665E6F76EB4A40 /* Debug */,
			);
			defaultConfigurationIsVisible = 0;
			defaultConfigurationName = Release;
		};
		55AB51586D48A46F1C90D188 /* Build configuration list for PBXNativeTarget "ClipboardMac" */ = {
			isa = XCConfigurationList;
			buildConfigurations = (
				469462CD3D8EFEAB37AEBC26 /* Release */,
				3C35A15FABAD0BF94455CA15 /* Debug */,
			);
			defaultConfigurationIsVisible = 0;
			defaultConfigurationName = Release;
		};
		84328C3291E9D077525705EC /* Build configuration list for PBXNativeTarget "ClipboardKeyboardExtension" */ = {
			isa = XCConfigurationList;
			buildConfigurations = (
				A86C51100966036943E68134 /* Release */,
				BDBF3A93691640B2D0D5A44E /* Debug */,
			);
			defaultConfigurationIsVisible = 0;
			defaultConfigurationName = Release;
		};
		E1881F431EC46A0906F8F180 /* Build configuration list for PBXProject "dev.subset.clipboard" */ = {
			isa = XCConfigurationList;
			buildConfigurations = (
				646AD9C0FD5C91E87C7E4D8D /* Debug */,
				6FD1DD393C599D960A129333 /* Release */,
			);
			defaultConfigurationIsVisible = 0;
			defaultConfigurationName = Release;
		};
/* End XCConfigurationList section */
	};
	rootObject = 94C6F66FD95C701CB6F36AE9 /* Project object */;
}
